
Microsoft Visual Studio Solution File, Format Version 12.00
# Visual Studio Version 17
VisualStudioVersion = 17.13.35931.197 d17.13
MinimumVisualStudioVersion = 10.0.40219.1
Project("{FAE04EC0-301F-11D3-BF4B-00C04F79EFBC}") = "PaymentsAPI", "PaymentsAPI\PaymentsAPI.csproj", "{2DBA2F53-AA4B-4CF4-AF53-7DB159557133}"
EndProject
Global
	GlobalSection(SolutionConfigurationPlatforms) = preSolution
		Debug|Any CPU = Debug|Any CPU
		Release|Any CPU = Release|Any CPU
	EndGlobalSection
	GlobalSection(ProjectConfigurationPlatforms) = postSolution
		{2DBA2F53-AA4B-4CF4-AF53-7DB159557133}.Debug|Any CPU.ActiveCfg = Debug|Any CPU
		{2DBA2F53-AA4B-4CF4-AF53-7DB159557133}.Debug|Any CPU.Build.0 = Debug|Any CPU
		{2DBA2F53-AA4B-4CF4-AF53-7DB159557133}.Release|Any CPU.ActiveCfg = Release|Any CPU
		{2DBA2F53-AA4B-4CF4-AF53-7DB159557133}.Release|Any CPU.Build.0 = Release|Any CPU
	EndGlobalSection
	GlobalSection(SolutionProperties) = preSolution
		HideSolutionNode = FALSE
	EndGlobalSection
	GlobalSection(ExtensibilityGlobals) = postSolution
		SolutionGuid = {1FD95973-E9F6-4C3B-BFA5-0FE0553C65F9}
	EndGlobalSection
EndGlobal
